
Microsoft Visual Studio Solution File, Format Version 12.00
# Visual Studio Version 17
VisualStudioVersion = 17.14.36414.22
MinimumVisualStudioVersion = 10.0.40219.1
Project("{FAE04EC0-301F-11D3-BF4B-00C04F79EFBC}") = "Vanilla_Audio", "Vanilla_Audio\Vanilla_Audio.csproj", "{073D666C-1749-46B6-9B38-835503838A54}"
EndProject
Project("{FAE04EC0-301F-11D3-BF4B-00C04F79EFBC}") = "Business", "Business\Business.csproj", "{957601BE-B192-4CE0-9FB9-4C3E80EF82A4}"
EndProject
Project("{FAE04EC0-301F-11D3-BF4B-00C04F79EFBC}") = "Tests", "Tests\Tests.csproj", "{1CDDBC97-2F9F-4FD8-8CF9-07420C5E8AD5}"
EndProject
Project("{FAE04EC0-301F-11D3-BF4B-00C04F79EFBC}") = "ViewModels", "ViewModels\ViewModels.csproj", "{C00154E7-50EF-4269-9DA4-35643EBAF2AF}"
EndProject
Project("{FAE04EC0-301F-11D3-BF4B-00C04F79EFBC}") = "Data", "Data\Data.csproj", "{621A0025-ECB4-435A-B077-E9C1151036CC}"
EndProject
Global
	GlobalSection(SolutionConfigurationPlatforms) = preSolution
		Debug|Any CPU = Debug|Any CPU
		Release|Any CPU = Release|Any CPU
	EndGlobalSection
	GlobalSection(ProjectConfigurationPlatforms) = postSolution
		{073D666C-1749-46B6-9B38-835503838A54}.Debug|Any CPU.ActiveCfg = Debug|Any CPU
		{073D666C-1749-46B6-9B38-835503838A54}.Debug|Any CPU.Build.0 = Debug|Any CPU
		{073D666C-1749-46B6-9B38-835503838A54}.Release|Any CPU.ActiveCfg = Release|Any CPU
		{073D666C-1749-46B6-9B38-835503838A54}.Release|Any CPU.Build.0 = Release|Any CPU
		{957601BE-B192-4CE0-9FB9-4C3E80EF82A4}.Debug|Any CPU.ActiveCfg = Debug|Any CPU
		{957601BE-B192-4CE0-9FB9-4C3E80EF82A4}.Debug|Any CPU.Build.0 = Debug|Any CPU
		{957601BE-B192-4CE0-9FB9-4C3E80EF82A4}.Release|Any CPU.ActiveCfg = Release|Any CPU
		{957601BE-B192-4CE0-9FB9-4C3E80EF82A4}.Release|Any CPU.Build.0 = Release|Any CPU
		{1CDDBC97-2F9F-4FD8-8CF9-07420C5E8AD5}.Debug|Any CPU.ActiveCfg = Debug|Any CPU
		{1CDDBC97-2F9F-4FD8-8CF9-07420C5E8AD5}.Debug|Any CPU.Build.0 = Debug|Any CPU
		{1CDDBC97-2F9F-4FD8-8CF9-07420C5E8AD5}.Release|Any CPU.ActiveCfg = Release|Any CPU
		{1CDDBC97-2F9F-4FD8-8CF9-07420C5E8AD5}.Release|Any CPU.Build.0 = Release|Any CPU
		{C00154E7-50EF-4269-9DA4-35643EBAF2AF}.Debug|Any CPU.ActiveCfg = Debug|Any CPU
		{C00154E7-50EF-4269-9DA4-35643EBAF2AF}.Debug|Any CPU.Build.0 = Debug|Any CPU
		{C00154E7-50EF-4269-9DA4-35643EBAF2AF}.Release|Any CPU.ActiveCfg = Release|Any CPU
		{C00154E7-50EF-4269-9DA4-35643EBAF2AF}.Release|Any CPU.Build.0 = Release|Any CPU
		{621A0025-ECB4-435A-B077-E9C1151036CC}.Debug|Any CPU.ActiveCfg = Debug|Any CPU
		{621A0025-ECB4-435A-B077-E9C1151036CC}.Debug|Any CPU.Build.0 = Debug|Any CPU
		{621A0025-ECB4-435A-B077-E9C1151036CC}.Release|Any CPU.ActiveCfg = Release|Any CPU
		{621A0025-ECB4-435A-B077-E9C1151036CC}.Release|Any CPU.Build.0 = Release|Any CPU
	EndGlobalSection
	GlobalSection(SolutionProperties) = preSolution
		HideSolutionNode = FALSE
	EndGlobalSection
	GlobalSection(ExtensibilityGlobals) = postSolution
		SolutionGuid = {D572741B-A477-4C3F-B64F-8BE790CA02C7}
	EndGlobalSection
EndGlobal
